
Microsoft Visual Studio Solution File, Format Version 12.00
# Visual Studio 15
VisualStudioVersion = 15.0.27703.2026
MinimumVisualStudioVersion = 10.0.40219.1
Project("{FAE04EC0-301F-11D3-BF4B-00C04F79EFBC}") = "Podium", "Podium\Podium.csproj", "{DD2B0F01-470E-4B90-96F5-6862EFEC5C64}"
EndProject
Global
	GlobalSection(SolutionConfigurationPlatforms) = preSolution
		Debug|Any CPU = Debug|Any CPU
		Release|Any CPU = Release|Any CPU
	EndGlobalSection
	GlobalSection(ProjectConfigurationPlatforms) = postSolution
		{DD2B0F01-470E-4B90-96F5-6862EFEC5C64}.Debug|Any CPU.ActiveCfg = Debug|Any CPU
		{DD2B0F01-470E-4B90-96F5-6862EFEC5C64}.Debug|Any CPU.Build.0 = Debug|Any CPU
		{DD2B0F01-470E-4B90-96F5-6862EFEC5C64}.Release|Any CPU.ActiveCfg = Release|Any CPU
		{DD2B0F01-470E-4B90-96F5-6862EFEC5C64}.Release|Any CPU.Build.0 = Release|Any CPU
	EndGlobalSection
	GlobalSection(SolutionProperties) = preSolution
		HideSolutionNode = FALSE
	EndGlobalSection
	GlobalSection(ExtensibilityGlobals) = postSolution
		SolutionGuid = {210480D0-550D-4CD7-B45D-CCECEC363907}
	EndGlobalSection
EndGlobal
